// !$*UTF8*$!
{
	archiveVersion = 1;
	classes = {
	};
	objectVersion = 46;
	objects = {

/* Begin PBXBuildFile section */
		10B2464815E021D0006CF8C2 /* BoardView.mm in Sources */ = {isa = PBXBuildFile; fileRef = 10B2461415E021D0006CF8C2 /* BoardView.mm */; };
		10B2464915E021D0006CF8C2 /* BoardViewController.mm in Sources */ = {isa = PBXBuildFile; fileRef = 10B2461615E021D0006CF8C2 /* BoardViewController.mm */; };
		10B2464A15E021D0006CF8C2 /* LastMoveView.mm in Sources */ = {isa = PBXBuildFile; fileRef = 10B2461815E021D0006CF8C2 /* LastMoveView.mm */; };
		10B2464B15E021D0006CF8C2 /* MoveListView.mm in Sources */ = {isa = PBXBuildFile; fileRef = 10B2461A15E021D0006CF8C2 /* MoveListView.mm */; };
		10B2464C15E021D0006CF8C2 /* CastleRightsController.mm in Sources */ = {isa = PBXBuildFile; fileRef = 10B2461D15E021D0006CF8C2 /* CastleRightsController.mm */; };
		10B2464D15E021D0006CF8C2 /* EpSquareController.mm in Sources */ = {isa = PBXBuildFile; fileRef = 10B2461F15E021D0006CF8C2 /* EpSquareController.mm */; };
		10B2464E15E021D0006CF8C2 /* SelectedPieceView.mm in Sources */ = {isa = PBXBuildFile; fileRef = 10B2462115E021D0006CF8C2 /* SelectedPieceView.mm */; };
		10B2464F15E021D0006CF8C2 /* SelectedSquareView.mm in Sources */ = {isa = PBXBuildFile; fileRef = 10B2462315E021D0006CF8C2 /* SelectedSquareView.mm */; };
		10B2465015E021D0006CF8C2 /* SetupBoardView.mm in Sources */ = {isa = PBXBuildFile; fileRef = 10B2462515E021D0006CF8C2 /* SetupBoardView.mm */; };
		10B2465115E021D0006CF8C2 /* SetupViewController.mm in Sources */ = {isa = PBXBuildFile; fileRef = 10B2462715E021D0006CF8C2 /* SetupViewController.mm */; };
		10B2465215E021D0006CF8C2 /* SideToMoveController.mm in Sources */ = {isa = PBXBuildFile; fileRef = 10B2462915E021D0006CF8C2 /* SideToMoveController.mm */; };
		10B2465315E021D0006CF8C2 /* GameController.mm in Sources */ = {isa = PBXBuildFile; fileRef = 10B2462C15E021D0006CF8C2 /* GameController.mm */; };
		10B2465415E021D0006CF8C2 /* ChessMove.mm in Sources */ = {isa = PBXBuildFile; fileRef = 10B2462F15E021D0006CF8C2 /* ChessMove.mm */; };
		10B2465515E021D0006CF8C2 /* Game.mm in Sources */ = {isa = PBXBuildFile; fileRef = 10B2463115E021D0006CF8C2 /* Game.mm */; };
		10B2465615E021D0006CF8C2 /* GameParser.mm in Sources */ = {isa = PBXBuildFile; fileRef = 10B2463315E021D0006CF8C2 /* GameParser.mm */; };
		10B2465715E021D0006CF8C2 /* PGN.mm in Sources */ = {isa = PBXBuildFile; fileRef = 10B2463515E021D0006CF8C2 /* PGN.mm */; };
		10B2465A15E021D0006CF8C2 /* HighlightedSquaresView.mm in Sources */ = {isa = PBXBuildFile; fileRef = 10B2463D15E021D0006CF8C2 /* HighlightedSquaresView.mm */; };
		10B2465B15E021D0006CF8C2 /* PieceImageView.mm in Sources */ = {isa = PBXBuildFile; fileRef = 10B2463F15E021D0006CF8C2 /* PieceImageView.mm */; };
		10B2465D15E021D0006CF8C2 /* main.m in Sources */ = {isa = PBXBuildFile; fileRef = 10B2464315E021D0006CF8C2 /* main.m */; };
		10B2465F15E021D0006CF8C2 /* StoshAppDelegate.mm in Sources */ = {isa = PBXBuildFile; fileRef = 10B2464715E021D0006CF8C2 /* StoshAppDelegate.mm */; };
		10FE6E3415E06F91006C2CEA /* Board.mm in Sources */ = {isa = PBXBuildFile; fileRef = 10FE6E3315E06F91006C2CEA /* Board.mm */; };
		10FE6EA915E07C7B006C2CEA /* USCFBBishop.tiff in Resources */ = {isa = PBXBuildFile; fileRef = 10FE6E8415E07C7B006C2CEA /* USCFBBishop.tiff */; };
		10FE6EAA15E07C7B006C2CEA /* USCFBBishop96.tiff in Resources */ = {isa = PBXBuildFile; fileRef = 10FE6E8515E07C7B006C2CEA /* USCFBBishop96.tiff */; };
		10FE6EAB15E07C7B006C2CEA /* USCFBBishop@2x.tiff in Resources */ = {isa = PBXBuildFile; fileRef = 10FE6E8615E07C7B006C2CEA /* USCFBBishop@2x.tiff */; };
		10FE6EAC15E07C7B006C2CEA /* USCFBKing.tiff in Resources */ = {isa = PBXBuildFile; fileRef = 10FE6E8715E07C7B006C2CEA /* USCFBKing.tiff */; };
		10FE6EAD15E07C7B006C2CEA /* USCFBKing96.tiff in Resources */ = {isa = PBXBuildFile; fileRef = 10FE6E8815E07C7B006C2CEA /* USCFBKing96.tiff */; };
		10FE6EAE15E07C7B006C2CEA /* USCFBKing@2x.tiff in Resources */ = {isa = PBXBuildFile; fileRef = 10FE6E8915E07C7B006C2CEA /* USCFBKing@2x.tiff */; };
		10FE6EAF15E07C7B006C2CEA /* USCFBKnight.tiff in Resources */ = {isa = PBXBuildFile; fileRef = 10FE6E8A15E07C7B006C2CEA /* USCFBKnight.tiff */; };
		10FE6EB015E07C7B006C2CEA /* USCFBKnight96.tiff in Resources */ = {isa = PBXBuildFile; fileRef = 10FE6E8B15E07C7B006C2CEA /* USCFBKnight96.tiff */; };
		10FE6EB115E07C7B006C2CEA /* USCFBKnight@2x.tiff in Resources */ = {isa = PBXBuildFile; fileRef = 10FE6E8C15E07C7B006C2CEA /* USCFBKnight@2x.tiff */; };
		10FE6EB215E07C7B006C2CEA /* USCFBPawn.tiff in Resources */ = {isa = PBXBuildFile; fileRef = 10FE6E8D15E07C7B006C2CEA /* USCFBPawn.tiff */; };
		10FE6EB315E07C7B006C2CEA /* USCFBPawn96.tiff in Resources */ = {isa = PBXBuildFile; fileRef = 10FE6E8E15E07C7B006C2CEA /* USCFBPawn96.tiff */; };
		10FE6EB415E07C7B006C2CEA /* USCFBPawn@2x.tiff in Resources */ = {isa = PBXBuildFile; fileRef = 10FE6E8F15E07C7B006C2CEA /* USCFBPawn@2x.tiff */; };
		10FE6EB515E07C7B006C2CEA /* USCFBQueen.tiff in Resources */ = {isa = PBXBuildFile; fileRef = 10FE6E9015E07C7B006C2CEA /* USCFBQueen.tiff */; };
		10FE6EB615E07C7B006C2CEA /* USCFBQueen96.tiff in Resources */ = {isa = PBXBuildFile; fileRef = 10FE6E9115E07C7B006C2CEA /* USCFBQueen96.tiff */; };
		10FE6EB715E07C7B006C2CEA /* USCFBQueen@2x.tiff in Resources */ = {isa = PBXBuildFile; fileRef = 10FE6E9215E07C7B006C2CEA /* USCFBQueen@2x.tiff */; };
		10FE6EB815E07C7B006C2CEA /* USCFBRook.tiff in Resources */ = {isa = PBXBuildFile; fileRef = 10FE6E9315E07C7B006C2CEA /* USCFBRook.tiff */; };
		10FE6EB915E07C7B006C2CEA /* USCFBRook96.tiff in Resources */ = {isa = PBXBuildFile; fileRef = 10FE6E9415E07C7B006C2CEA /* USCFBRook96.tiff */; };
		10FE6EBA15E07C7B006C2CEA /* USCFBRook@2x.tiff in Resources */ = {isa = PBXBuildFile; fileRef = 10FE6E9515E07C7B006C2CEA /* USCFBRook@2x.tiff */; };
		10FE6EBB15E07C7B006C2CEA /* USCFWBishop.tiff in Resources */ = {isa = PBXBuildFile; fileRef = 10FE6E9615E07C7B006C2CEA /* USCFWBishop.tiff */; };
		10FE6EBC15E07C7B006C2CEA /* USCFWBishop96.tiff in Resources */ = {isa = PBXBuildFile; fileRef = 10FE6E9715E07C7B006C2CEA /* USCFWBishop96.tiff */; };
		10FE6EBD15E07C7B006C2CEA /* USCFWBishop@2x.tiff in Resources */ = {isa = PBXBuildFile; fileRef = 10FE6E9815E07C7B006C2CEA /* USCFWBishop@2x.tiff */; };
		10FE6EBE15E07C7B006C2CEA /* USCFWKing.tiff in Resources */ = {isa = PBXBuildFile; fileRef = 10FE6E9915E07C7B006C2CEA /* USCFWKing.tiff */; };
		10FE6EBF15E07C7B006C2CEA /* USCFWKing96.tiff in Resources */ = {isa = PBXBuildFile; fileRef = 10FE6E9A15E07C7B006C2CEA /* USCFWKing96.tiff */; };
		10FE6EC015E07C7B006C2CEA /* USCFWKing@2x.tiff in Resources */ = {isa = PBXBuildFile; fileRef = 10FE6E9B15E07C7B006C2CEA /* USCFWKing@2x.tiff */; };
		10FE6EC115E07C7B006C2CEA /* USCFWKnight.tiff in Resources */ = {isa = PBXBuildFile; fileRef = 10FE6E9C15E07C7B006C2CEA /* USCFWKnight.tiff */; };
		10FE6EC215E07C7B006C2CEA /* USCFWKnight96.tiff in Resources */ = {isa = PBXBuildFile; fileRef = 10FE6E9D15E07C7B006C2CEA /* USCFWKnight96.tiff */; };
		10FE6EC315E07C7B006C2CEA /* USCFWKnight@2x.tiff in Resources */ = {isa = PBXBuildFile; fileRef = 10FE6E9E15E07C7B006C2CEA /* USCFWKnight@2x.tiff */; };
		10FE6EC415E07C7B006C2CEA /* USCFWPawn.tiff in Resources */ = {isa = PBXBuildFile; fileRef = 10FE6E9F15E07C7B006C2CEA /* USCFWPawn.tiff */; };
		10FE6EC515E07C7B006C2CEA /* USCFWPawn96.tiff in Resources */ = {isa = PBXBuildFile; fileRef = 10FE6EA015E07C7B006C2CEA /* USCFWPawn96.tiff */; };
		10FE6EC615E07C7B006C2CEA /* USCFWPawn@2x.tiff in Resources */ = {isa = PBXBuildFile; fileRef = 10FE6EA115E07C7B006C2CEA /* USCFWPawn@2x.tiff */; };
		10FE6EC715E07C7B006C2CEA /* USCFWQueen.tiff in Resources */ = {isa = PBXBuildFile; fileRef = 10FE6EA215E07C7B006C2CEA /* USCFWQueen.tiff */; };
		10FE6EC815E07C7B006C2CEA /* USCFWQueen96.tiff in Resources */ = {isa = PBXBuildFile; fileRef = 10FE6EA315E07C7B006C2CEA /* USCFWQueen96.tiff */; };
		10FE6EC915E07C7B006C2CEA /* USCFWQueen@2x.tiff in Resources */ = {isa = PBXBuildFile; fileRef = 10FE6EA415E07C7B006C2CEA /* USCFWQueen@2x.tiff */; };
		10FE6ECA15E07C7B006C2CEA /* USCFWRook.tiff in Resources */ = {isa = PBXBuildFile; fileRef = 10FE6EA515E07C7B006C2CEA /* USCFWRook.tiff */; };
		10FE6ECB15E07C7B006C2CEA /* USCFWRook96.tiff in Resources */ = {isa = PBXBuildFile; fileRef = 10FE6EA615E07C7B006C2CEA /* USCFWRook96.tiff */; };
		10FE6ECC15E07C7B006C2CEA /* USCFWRook@2x.tiff in Resources */ = {isa = PBXBuildFile; fileRef = 10FE6EA715E07C7B006C2CEA /* USCFWRook@2x.tiff */; };
		10FE6ECD15E07C7B006C2CEA /* MainWindow.xib in Resources */ = {isa = PBXBuildFile; fileRef = 10FE6EA815E07C7B006C2CEA /* MainWindow.xib */; };
		1796007F11D393A60074E5B7 /* bitbase.mm in Sources */ = {isa = PBXBuildFile; fileRef = 1796005C11D393A60074E5B7 /* bitbase.mm */; };
		1796008011D393A60074E5B7 /* bitboard.cpp in Sources */ = {isa = PBXBuildFile; fileRef = 1796005D11D393A60074E5B7 /* bitboard.cpp */; };
		1796008111D393A60074E5B7 /* book.cpp in Sources */ = {isa = PBXBuildFile; fileRef = 1796005F11D393A60074E5B7 /* book.cpp */; };
		1796008211D393A60074E5B7 /* color.cpp in Sources */ = {isa = PBXBuildFile; fileRef = 1796006111D393A60074E5B7 /* color.cpp */; };
		1796008311D393A60074E5B7 /* direction.cpp in Sources */ = {isa = PBXBuildFile; fileRef = 1796006411D393A60074E5B7 /* direction.cpp */; };
		1796008411D393A60074E5B7 /* mersenne.cpp in Sources */ = {isa = PBXBuildFile; fileRef = 1796006711D393A60074E5B7 /* mersenne.cpp */; };
		1796008511D393A60074E5B7 /* misc.cpp in Sources */ = {isa = PBXBuildFile; fileRef = 1796006911D393A60074E5B7 /* misc.cpp */; };
		1796008611D393A60074E5B7 /* move.cpp in Sources */ = {isa = PBXBuildFile; fileRef = 1796006B11D393A60074E5B7 /* move.cpp */; };
		1796008711D393A60074E5B7 /* movegen.cpp in Sources */ = {isa = PBXBuildFile; fileRef = 1796006D11D393A60074E5B7 /* movegen.cpp */; };
		1796008811D393A60074E5B7 /* movepick.cpp in Sources */ = {isa = PBXBuildFile; fileRef = 1796006F11D393A60074E5B7 /* movepick.cpp */; };
		1796008911D393A60074E5B7 /* piece.cpp in Sources */ = {isa = PBXBuildFile; fileRef = 1796007211D393A60074E5B7 /* piece.cpp */; };
		1796008A11D393A60074E5B7 /* position.cpp in Sources */ = {isa = PBXBuildFile; fileRef = 1796007411D393A60074E5B7 /* position.cpp */; };
		1796008B11D393A60074E5B7 /* san.cpp in Sources */ = {isa = PBXBuildFile; fileRef = 1796007711D393A60074E5B7 /* san.cpp */; };
		1796008C11D393A60074E5B7 /* square.cpp in Sources */ = {isa = PBXBuildFile; fileRef = 1796007A11D393A60074E5B7 /* square.cpp */; };
		1796008D11D393A60074E5B7 /* value.cpp in Sources */ = {isa = PBXBuildFile; fileRef = 1796007D11D393A60074E5B7 /* value.cpp */; };
		179600BD11D395860074E5B7 /* ucioption.cpp in Sources */ = {isa = PBXBuildFile; fileRef = 179600B911D395860074E5B7 /* ucioption.cpp */; };
		179600BE11D395860074E5B7 /* value.cpp in Sources */ = {isa = PBXBuildFile; fileRef = 179600BB11D395860074E5B7 /* value.cpp */; };
		1796FEDF11D391AA0074E5B7 /* application.cpp in Sources */ = {isa = PBXBuildFile; fileRef = 1796FEA811D391AA0074E5B7 /* application.cpp */; };
		1796FEE011D391AA0074E5B7 /* benchmark.cpp in Sources */ = {isa = PBXBuildFile; fileRef = 1796FEAA11D391AA0074E5B7 /* benchmark.cpp */; };
		1796FEE111D391AA0074E5B7 /* bitbase.cpp in Sources */ = {isa = PBXBuildFile; fileRef = 1796FEAC11D391AA0074E5B7 /* bitbase.cpp */; };
		1796FEE211D391AA0074E5B7 /* bitboard.cpp in Sources */ = {isa = PBXBuildFile; fileRef = 1796FEAE11D391AA0074E5B7 /* bitboard.cpp */; };
		1796FEE311D391AA0074E5B7 /* book.cpp in Sources */ = {isa = PBXBuildFile; fileRef = 1796FEB111D391AA0074E5B7 /* book.cpp */; };
		1796FEE411D391AA0074E5B7 /* direction.cpp in Sources */ = {isa = PBXBuildFile; fileRef = 1796FEB511D391AA0074E5B7 /* direction.cpp */; };
		1796FEE511D391AA0074E5B7 /* endgame.cpp in Sources */ = {isa = PBXBuildFile; fileRef = 1796FEB711D391AA0074E5B7 /* endgame.cpp */; };
		1796FEE611D391AA0074E5B7 /* evaluate.cpp in Sources */ = {isa = PBXBuildFile; fileRef = 1796FEB911D391AA0074E5B7 /* evaluate.cpp */; };
		1796FEE711D391AA0074E5B7 /* history.cpp in Sources */ = {isa = PBXBuildFile; fileRef = 1796FEBB11D391AA0074E5B7 /* history.cpp */; };
		1796FEE811D391AA0074E5B7 /* iphone.mm in Sources */ = {isa = PBXBuildFile; fileRef = 1796FEBE11D391AA0074E5B7 /* iphone.mm */; };
		1796FEE911D391AA0074E5B7 /* material.cpp in Sources */ = {isa = PBXBuildFile; fileRef = 1796FEC011D391AA0074E5B7 /* material.cpp */; };
		1796FEEA11D391AA0074E5B7 /* mersenne.cpp in Sources */ = {isa = PBXBuildFile; fileRef = 1796FEC211D391AA0074E5B7 /* mersenne.cpp */; };
		1796FEEB11D391AA0074E5B7 /* misc.cpp in Sources */ = {isa = PBXBuildFile; fileRef = 1796FEC411D391AA0074E5B7 /* misc.cpp */; };
		1796FEEC11D391AA0074E5B7 /* move.cpp in Sources */ = {isa = PBXBuildFile; fileRef = 1796FEC611D391AA0074E5B7 /* move.cpp */; };
		1796FEED11D391AA0074E5B7 /* movegen.cpp in Sources */ = {isa = PBXBuildFile; fileRef = 1796FEC811D391AA0074E5B7 /* movegen.cpp */; };
		1796FEEE11D391AA0074E5B7 /* movepick.cpp in Sources */ = {isa = PBXBuildFile; fileRef = 1796FECA11D391AA0074E5B7 /* movepick.cpp */; };
		1796FEEF11D391AA0074E5B7 /* pawns.cpp in Sources */ = {isa = PBXBuildFile; fileRef = 1796FECC11D391AA0074E5B7 /* pawns.cpp */; };
		1796FEF011D391AA0074E5B7 /* piece.cpp in Sources */ = {isa = PBXBuildFile; fileRef = 1796FECE11D391AA0074E5B7 /* piece.cpp */; };
		1796FEF111D391AA0074E5B7 /* position.cpp in Sources */ = {isa = PBXBuildFile; fileRef = 1796FED011D391AA0074E5B7 /* position.cpp */; };
		1796FEF211D391AA0074E5B7 /* san.cpp in Sources */ = {isa = PBXBuildFile; fileRef = 1796FED311D391AA0074E5B7 /* san.cpp */; };
		1796FEF311D391AA0074E5B7 /* search.cpp in Sources */ = {isa = PBXBuildFile; fileRef = 1796FED611D391AA0074E5B7 /* search.cpp */; };
		1796FEF411D391AA0074E5B7 /* tt.cpp in Sources */ = {isa = PBXBuildFile; fileRef = 1796FEDA11D391AA0074E5B7 /* tt.cpp */; };
		1796FEF511D391AA0074E5B7 /* uci.cpp in Sources */ = {isa = PBXBuildFile; fileRef = 1796FEDD11D391AA0074E5B7 /* uci.cpp */; };
		1D60589F0D05DD5A006BFB54 /* Foundation.framework in Frameworks */ = {isa = PBXBuildFile; fileRef = 1D30AB110D05D00D00671497 /* Foundation.framework */; settings = {ATTRIBUTES = (Required, ); }; };
		1DF5F4E00D08C38300B7A737 /* UIKit.framework in Frameworks */ = {isa = PBXBuildFile; fileRef = 1DF5F4DF0D08C38300B7A737 /* UIKit.framework */; };
		288765FD0DF74451002DB57D /* CoreGraphics.framework in Frameworks */ = {isa = PBXBuildFile; fileRef = 288765FC0DF74451002DB57D /* CoreGraphics.framework */; };
/* End PBXBuildFile section */

/* Begin PBXFileReference section */
		10B2461315E021D0006CF8C2 /* BoardView.h */ = {isa = PBXFileReference; fileEncoding = 4; lastKnownFileType = sourcecode.c.h; path = BoardView.h; sourceTree = "<group>"; };
		10B2461415E021D0006CF8C2 /* BoardView.mm */ = {isa = PBXFileReference; fileEncoding = 4; lastKnownFileType = sourcecode.cpp.objcpp; path = BoardView.mm; sourceTree = "<group>"; };
		10B2461515E021D0006CF8C2 /* BoardViewController.h */ = {isa = PBXFileReference; fileEncoding = 4; lastKnownFileType = sourcecode.c.h; path = BoardViewController.h; sourceTree = "<group>"; };
		10B2461615E021D0006CF8C2 /* BoardViewController.mm */ = {isa = PBXFileReference; fileEncoding = 4; lastKnownFileType = sourcecode.cpp.objcpp; path = BoardViewController.mm; sourceTree = "<group>"; };
		10B2461715E021D0006CF8C2 /* LastMoveView.h */ = {isa = PBXFileReference; fileEncoding = 4; lastKnownFileType = sourcecode.c.h; path = LastMoveView.h; sourceTree = "<group>"; };
		10B2461815E021D0006CF8C2 /* LastMoveView.mm */ = {isa = PBXFileReference; fileEncoding = 4; lastKnownFileType = sourcecode.cpp.objcpp; path = LastMoveView.mm; sourceTree = "<group>"; };
		10B2461915E021D0006CF8C2 /* MoveListView.h */ = {isa = PBXFileReference; fileEncoding = 4; lastKnownFileType = sourcecode.c.h; path = MoveListView.h; sourceTree = "<group>"; };
		10B2461A15E021D0006CF8C2 /* MoveListView.mm */ = {isa = PBXFileReference; fileEncoding = 4; lastKnownFileType = sourcecode.cpp.objcpp; path = MoveListView.mm; sourceTree = "<group>"; };
		10B2461C15E021D0006CF8C2 /* CastleRightsController.h */ = {isa = PBXFileReference; fileEncoding = 4; lastKnownFileType = sourcecode.c.h; path = CastleRightsController.h; sourceTree = "<group>"; };
		10B2461D15E021D0006CF8C2 /* CastleRightsController.mm */ = {isa = PBXFileReference; fileEncoding = 4; lastKnownFileType = sourcecode.cpp.objcpp; path = CastleRightsController.mm; sourceTree = "<group>"; };
		10B2461E15E021D0006CF8C2 /* EpSquareController.h */ = {isa = PBXFileReference; fileEncoding = 4; lastKnownFileType = sourcecode.c.h; path = EpSquareController.h; sourceTree = "<group>"; };
		10B2461F15E021D0006CF8C2 /* EpSquareController.mm */ = {isa = PBXFileReference; fileEncoding = 4; lastKnownFileType = sourcecode.cpp.objcpp; path = EpSquareController.mm; sourceTree = "<group>"; };
		10B2462015E021D0006CF8C2 /* SelectedPieceView.h */ = {isa = PBXFileReference; fileEncoding = 4; lastKnownFileType = sourcecode.c.h; path = SelectedPieceView.h; sourceTree = "<group>"; };
		10B2462115E021D0006CF8C2 /* SelectedPieceView.mm */ = {isa = PBXFileReference; fileEncoding = 4; lastKnownFileType = sourcecode.cpp.objcpp; path = SelectedPieceView.mm; sourceTree = "<group>"; };
		10B2462215E021D0006CF8C2 /* SelectedSquareView.h */ = {isa = PBXFileReference; fileEncoding = 4; lastKnownFileType = sourcecode.c.h; path = SelectedSquareView.h; sourceTree = "<group>"; };
		10B2462315E021D0006CF8C2 /* SelectedSquareView.mm */ = {isa = PBXFileReference; fileEncoding = 4; lastKnownFileType = sourcecode.cpp.objcpp; path = SelectedSquareView.mm; sourceTree = "<group>"; };
		10B2462415E021D0006CF8C2 /* SetupBoardView.h */ = {isa = PBXFileReference; fileEncoding = 4; lastKnownFileType = sourcecode.c.h; path = SetupBoardView.h; sourceTree = "<group>"; };
		10B2462515E021D0006CF8C2 /* SetupBoardView.mm */ = {isa = PBXFileReference; fileEncoding = 4; lastKnownFileType = sourcecode.cpp.objcpp; path = SetupBoardView.mm; sourceTree = "<group>"; };
		10B2462615E021D0006CF8C2 /* SetupViewController.h */ = {isa = PBXFileReference; fileEncoding = 4; lastKnownFileType = sourcecode.c.h; path = SetupViewController.h; sourceTree = "<group>"; };
		10B2462715E021D0006CF8C2 /* SetupViewController.mm */ = {isa = PBXFileReference; fileEncoding = 4; lastKnownFileType = sourcecode.cpp.objcpp; path = SetupViewController.mm; sourceTree = "<group>"; };
		10B2462815E021D0006CF8C2 /* SideToMoveController.h */ = {isa = PBXFileReference; fileEncoding = 4; lastKnownFileType = sourcecode.c.h; path = SideToMoveController.h; sourceTree = "<group>"; };
		10B2462915E021D0006CF8C2 /* SideToMoveController.mm */ = {isa = PBXFileReference; fileEncoding = 4; lastKnownFileType = sourcecode.cpp.objcpp; path = SideToMoveController.mm; sourceTree = "<group>"; };
		10B2462B15E021D0006CF8C2 /* GameController.h */ = {isa = PBXFileReference; fileEncoding = 4; lastKnownFileType = sourcecode.c.h; path = GameController.h; sourceTree = "<group>"; };
		10B2462C15E021D0006CF8C2 /* GameController.mm */ = {isa = PBXFileReference; fileEncoding = 4; lastKnownFileType = sourcecode.cpp.objcpp; path = GameController.mm; sourceTree = "<group>"; };
		10B2462E15E021D0006CF8C2 /* ChessMove.h */ = {isa = PBXFileReference; fileEncoding = 4; lastKnownFileType = sourcecode.c.h; path = ChessMove.h; sourceTree = "<group>"; };
		10B2462F15E021D0006CF8C2 /* ChessMove.mm */ = {isa = PBXFileReference; fileEncoding = 4; lastKnownFileType = sourcecode.cpp.objcpp; path = ChessMove.mm; sourceTree = "<group>"; };
		10B2463015E021D0006CF8C2 /* Game.h */ = {isa = PBXFileReference; fileEncoding = 4; lastKnownFileType = sourcecode.c.h; path = Game.h; sourceTree = "<group>"; };
		10B2463115E021D0006CF8C2 /* Game.mm */ = {isa = PBXFileReference; fileEncoding = 4; lastKnownFileType = sourcecode.cpp.objcpp; path = Game.mm; sourceTree = "<group>"; };
		10B2463215E021D0006CF8C2 /* GameParser.h */ = {isa = PBXFileReference; fileEncoding = 4; lastKnownFileType = sourcecode.c.h; path = GameParser.h; sourceTree = "<group>"; };
		10B2463315E021D0006CF8C2 /* GameParser.mm */ = {isa = PBXFileReference; fileEncoding = 4; lastKnownFileType = sourcecode.cpp.objcpp; path = GameParser.mm; sourceTree = "<group>"; };
		10B2463415E021D0006CF8C2 /* PGN.h */ = {isa = PBXFileReference; fileEncoding = 4; lastKnownFileType = sourcecode.c.h; path = PGN.h; sourceTree = "<group>"; };
		10B2463515E021D0006CF8C2 /* PGN.mm */ = {isa = PBXFileReference; fileEncoding = 4; lastKnownFileType = sourcecode.cpp.objcpp; path = PGN.mm; sourceTree = "<group>"; };
		10B2463C15E021D0006CF8C2 /* HighlightedSquaresView.h */ = {isa = PBXFileReference; fileEncoding = 4; lastKnownFileType = sourcecode.c.h; path = HighlightedSquaresView.h; sourceTree = "<group>"; };
		10B2463D15E021D0006CF8C2 /* HighlightedSquaresView.mm */ = {isa = PBXFileReference; fileEncoding = 4; lastKnownFileType = sourcecode.cpp.objcpp; path = HighlightedSquaresView.mm; sourceTree = "<group>"; };
		10B2463E15E021D0006CF8C2 /* PieceImageView.h */ = {isa = PBXFileReference; fileEncoding = 4; lastKnownFileType = sourcecode.c.h; path = PieceImageView.h; sourceTree = "<group>"; };
		10B2463F15E021D0006CF8C2 /* PieceImageView.mm */ = {isa = PBXFileReference; fileEncoding = 4; lastKnownFileType = sourcecode.cpp.objcpp; path = PieceImageView.mm; sourceTree = "<group>"; };
		10B2464315E021D0006CF8C2 /* main.m */ = {isa = PBXFileReference; fileEncoding = 4; lastKnownFileType = sourcecode.c.objc; path = main.m; sourceTree = "<group>"; };
		10B2464615E021D0006CF8C2 /* StoshAppDelegate.h */ = {isa = PBXFileReference; fileEncoding = 4; lastKnownFileType = sourcecode.c.h; path = StoshAppDelegate.h; sourceTree = "<group>"; };
		10B2464715E021D0006CF8C2 /* StoshAppDelegate.mm */ = {isa = PBXFileReference; fileEncoding = 4; lastKnownFileType = sourcecode.cpp.objcpp; path = StoshAppDelegate.mm; sourceTree = "<group>"; };
		10B2466115E02F4C006CF8C2 /* Stosh-Info.plist */ = {isa = PBXFileReference; fileEncoding = 4; lastKnownFileType = text.plist.xml; path = "Stosh-Info.plist"; sourceTree = "<group>"; };
		10FE6E3115E06E4D006C2CEA /* Board.h */ = {isa = PBXFileReference; lastKnownFileType = sourcecode.c.h; path = Board.h; sourceTree = "<group>"; };
		10FE6E3315E06F91006C2CEA /* Board.mm */ = {isa = PBXFileReference; fileEncoding = 4; lastKnownFileType = sourcecode.cpp.objcpp; path = Board.mm; sourceTree = "<group>"; };
		10FE6E8415E07C7B006C2CEA /* USCFBBishop.tiff */ = {isa = PBXFileReference; lastKnownFileType = image.tiff; path = USCFBBishop.tiff; sourceTree = "<group>"; };
		10FE6E8515E07C7B006C2CEA /* USCFBBishop96.tiff */ = {isa = PBXFileReference; lastKnownFileType = image.tiff; path = USCFBBishop96.tiff; sourceTree = "<group>"; };
		10FE6E8615E07C7B006C2CEA /* USCFBBishop@2x.tiff */ = {isa = PBXFileReference; lastKnownFileType = image.tiff; path = "USCFBBishop@2x.tiff"; sourceTree = "<group>"; };
		10FE6E8715E07C7B006C2CEA /* USCFBKing.tiff */ = {isa = PBXFileReference; lastKnownFileType = image.tiff; path = USCFBKing.tiff; sourceTree = "<group>"; };
		10FE6E8815E07C7B006C2CEA /* USCFBKing96.tiff */ = {isa = PBXFileReference; lastKnownFileType = image.tiff; path = USCFBKing96.tiff; sourceTree = "<group>"; };
		10FE6E8915E07C7B006C2CEA /* USCFBKing@2x.tiff */ = {isa = PBXFileReference; lastKnownFileType = image.tiff; path = "USCFBKing@2x.tiff"; sourceTree = "<group>"; };
		10FE6E8A15E07C7B006C2CEA /* USCFBKnight.tiff */ = {isa = PBXFileReference; lastKnownFileType = image.tiff; path = USCFBKnight.tiff; sourceTree = "<group>"; };
		10FE6E8B15E07C7B006C2CEA /* USCFBKnight96.tiff */ = {isa = PBXFileReference; lastKnownFileType = image.tiff; path = USCFBKnight96.tiff; sourceTree = "<group>"; };
		10FE6E8C15E07C7B006C2CEA /* USCFBKnight@2x.tiff */ = {isa = PBXFileReference; lastKnownFileType = image.tiff; path = "USCFBKnight@2x.tiff"; sourceTree = "<group>"; };
		10FE6E8D15E07C7B006C2CEA /* USCFBPawn.tiff */ = {isa = PBXFileReference; lastKnownFileType = image.tiff; path = USCFBPawn.tiff; sourceTree = "<group>"; };
		10FE6E8E15E07C7B006C2CEA /* USCFBPawn96.tiff */ = {isa = PBXFileReference; lastKnownFileType = image.tiff; path = USCFBPawn96.tiff; sourceTree = "<group>"; };
		10FE6E8F15E07C7B006C2CEA /* USCFBPawn@2x.tiff */ = {isa = PBXFileReference; lastKnownFileType = image.tiff; path = "USCFBPawn@2x.tiff"; sourceTree = "<group>"; };
		10FE6E9015E07C7B006C2CEA /* USCFBQueen.tiff */ = {isa = PBXFileReference; lastKnownFileType = image.tiff; path = USCFBQueen.tiff; sourceTree = "<group>"; };
		10FE6E9115E07C7B006C2CEA /* USCFBQueen96.tiff */ = {isa = PBXFileReference; lastKnownFileType = image.tiff; path = USCFBQueen96.tiff; sourceTree = "<group>"; };
		10FE6E9215E07C7B006C2CEA /* USCFBQueen@2x.tiff */ = {isa = PBXFileReference; lastKnownFileType = image.tiff; path = "USCFBQueen@2x.tiff"; sourceTree = "<group>"; };
		10FE6E9315E07C7B006C2CEA /* USCFBRook.tiff */ = {isa = PBXFileReference; lastKnownFileType = image.tiff; path = USCFBRook.tiff; sourceTree = "<group>"; };
		10FE6E9415E07C7B006C2CEA /* USCFBRook96.tiff */ = {isa = PBXFileReference; lastKnownFileType = image.tiff; path = USCFBRook96.tiff; sourceTree = "<group>"; };
		10FE6E9515E07C7B006C2CEA /* USCFBRook@2x.tiff */ = {isa = PBXFileReference; lastKnownFileType = image.tiff; path = "USCFBRook@2x.tiff"; sourceTree = "<group>"; };
		10FE6E9615E07C7B006C2CEA /* USCFWBishop.tiff */ = {isa = PBXFileReference; lastKnownFileType = image.tiff; path = USCFWBishop.tiff; sourceTree = "<group>"; };
		10FE6E9715E07C7B006C2CEA /* USCFWBishop96.tiff */ = {isa = PBXFileReference; lastKnownFileType = image.tiff; path = USCFWBishop96.tiff; sourceTree = "<group>"; };
		10FE6E9815E07C7B006C2CEA /* USCFWBishop@2x.tiff */ = {isa = PBXFileReference; lastKnownFileType = image.tiff; path = "USCFWBishop@2x.tiff"; sourceTree = "<group>"; };
		10FE6E9915E07C7B006C2CEA /* USCFWKing.tiff */ = {isa = PBXFileReference; lastKnownFileType = image.tiff; path = USCFWKing.tiff; sourceTree = "<group>"; };
		10FE6E9A15E07C7B006C2CEA /* USCFWKing96.tiff */ = {isa = PBXFileReference; lastKnownFileType = image.tiff; path = USCFWKing96.tiff; sourceTree = "<group>"; };
		10FE6E9B15E07C7B006C2CEA /* USCFWKing@2x.tiff */ = {isa = PBXFileReference; lastKnownFileType = image.tiff; path = "USCFWKing@2x.tiff"; sourceTree = "<group>"; };
		10FE6E9C15E07C7B006C2CEA /* USCFWKnight.tiff */ = {isa = PBXFileReference; lastKnownFileType = image.tiff; path = USCFWKnight.tiff; sourceTree = "<group>"; };
		10FE6E9D15E07C7B006C2CEA /* USCFWKnight96.tiff */ = {isa = PBXFileReference; lastKnownFileType = image.tiff; path = USCFWKnight96.tiff; sourceTree = "<group>"; };
		10FE6E9E15E07C7B006C2CEA /* USCFWKnight@2x.tiff */ = {isa = PBXFileReference; lastKnownFileType = image.tiff; path = "USCFWKnight@2x.tiff"; sourceTree = "<group>"; };
		10FE6E9F15E07C7B006C2CEA /* USCFWPawn.tiff */ = {isa = PBXFileReference; lastKnownFileType = image.tiff; path = USCFWPawn.tiff; sourceTree = "<group>"; };
		10FE6EA015E07C7B006C2CEA /* USCFWPawn96.tiff */ = {isa = PBXFileReference; lastKnownFileType = image.tiff; path = USCFWPawn96.tiff; sourceTree = "<group>"; };
		10FE6EA115E07C7B006C2CEA /* USCFWPawn@2x.tiff */ = {isa = PBXFileReference; lastKnownFileType = image.tiff; path = "USCFWPawn@2x.tiff"; sourceTree = "<group>"; };
		10FE6EA215E07C7B006C2CEA /* USCFWQueen.tiff */ = {isa = PBXFileReference; lastKnownFileType = image.tiff; path = USCFWQueen.tiff; sourceTree = "<group>"; };
		10FE6EA315E07C7B006C2CEA /* USCFWQueen96.tiff */ = {isa = PBXFileReference; lastKnownFileType = image.tiff; path = USCFWQueen96.tiff; sourceTree = "<group>"; };
		10FE6EA415E07C7B006C2CEA /* USCFWQueen@2x.tiff */ = {isa = PBXFileReference; lastKnownFileType = image.tiff; path = "USCFWQueen@2x.tiff"; sourceTree = "<group>"; };
		10FE6EA515E07C7B006C2CEA /* USCFWRook.tiff */ = {isa = PBXFileReference; lastKnownFileType = image.tiff; path = USCFWRook.tiff; sourceTree = "<group>"; };
		10FE6EA615E07C7B006C2CEA /* USCFWRook96.tiff */ = {isa = PBXFileReference; lastKnownFileType = image.tiff; path = USCFWRook96.tiff; sourceTree = "<group>"; };
		10FE6EA715E07C7B006C2CEA /* USCFWRook@2x.tiff */ = {isa = PBXFileReference; lastKnownFileType = image.tiff; path = "USCFWRook@2x.tiff"; sourceTree = "<group>"; };
		10FE6EA815E07C7B006C2CEA /* MainWindow.xib */ = {isa = PBXFileReference; fileEncoding = 4; lastKnownFileType = file.xib; name = MainWindow.xib; path = Resources/MainWindow.xib; sourceTree = "<group>"; };
		1796005B11D393A60074E5B7 /* bitbase.h */ = {isa = PBXFileReference; fileEncoding = 4; lastKnownFileType = sourcecode.c.h; name = bitbase.h; path = Chess/bitbase.h; sourceTree = "<group>"; };
		1796005C11D393A60074E5B7 /* bitbase.mm */ = {isa = PBXFileReference; fileEncoding = 4; lastKnownFileType = sourcecode.cpp.objcpp; name = bitbase.mm; path = Chess/bitbase.mm; sourceTree = "<group>"; };
		1796005D11D393A60074E5B7 /* bitboard.cpp */ = {isa = PBXFileReference; fileEncoding = 4; lastKnownFileType = sourcecode.cpp.cpp; name = bitboard.cpp; path = Chess/bitboard.cpp; sourceTree = "<group>"; };
		1796005E11D393A60074E5B7 /* bitboard.h */ = {isa = PBXFileReference; fileEncoding = 4; lastKnownFileType = sourcecode.c.h; name = bitboard.h; path = Chess/bitboard.h; sourceTree = "<group>"; };
		1796005F11D393A60074E5B7 /* book.cpp */ = {isa = PBXFileReference; fileEncoding = 4; lastKnownFileType = sourcecode.cpp.cpp; name = book.cpp; path = Chess/book.cpp; sourceTree = "<group>"; };
		1796006011D393A60074E5B7 /* book.h */ = {isa = PBXFileReference; fileEncoding = 4; lastKnownFileType = sourcecode.c.h; name = book.h; path = Chess/book.h; sourceTree = "<group>"; };
		1796006111D393A60074E5B7 /* color.cpp */ = {isa = PBXFileReference; fileEncoding = 4; lastKnownFileType = sourcecode.cpp.cpp; name = color.cpp; path = Chess/color.cpp; sourceTree = "<group>"; };
		1796006211D393A60074E5B7 /* color.h */ = {isa = PBXFileReference; fileEncoding = 4; lastKnownFileType = sourcecode.c.h; name = color.h; path = Chess/color.h; sourceTree = "<group>"; };
		1796006311D393A60074E5B7 /* depth.h */ = {isa = PBXFileReference; fileEncoding = 4; lastKnownFileType = sourcecode.c.h; name = depth.h; path = Chess/depth.h; sourceTree = "<group>"; };
		1796006411D393A60074E5B7 /* direction.cpp */ = {isa = PBXFileReference; fileEncoding = 4; lastKnownFileType = sourcecode.cpp.cpp; name = direction.cpp; path = Chess/direction.cpp; sourceTree = "<group>"; };
		1796006511D393A60074E5B7 /* direction.h */ = {isa = PBXFileReference; fileEncoding = 4; lastKnownFileType = sourcecode.c.h; name = direction.h; path = Chess/direction.h; sourceTree = "<group>"; };
		1796006611D393A60074E5B7 /* lock.h */ = {isa = PBXFileReference; fileEncoding = 4; lastKnownFileType = sourcecode.c.h; name = lock.h; path = Chess/lock.h; sourceTree = "<group>"; };
		1796006711D393A60074E5B7 /* mersenne.cpp */ = {isa = PBXFileReference; fileEncoding = 4; lastKnownFileType = sourcecode.cpp.cpp; name = mersenne.cpp; path = Chess/mersenne.cpp; sourceTree = "<group>"; };
		1796006811D393A60074E5B7 /* mersenne.h */ = {isa = PBXFileReference; fileEncoding = 4; lastKnownFileType = sourcecode.c.h; name = mersenne.h; path = Chess/mersenne.h; sourceTree = "<group>"; };
		1796006911D393A60074E5B7 /* misc.cpp */ = {isa = PBXFileReference; fileEncoding = 4; lastKnownFileType = sourcecode.cpp.cpp; name = misc.cpp; path = Chess/misc.cpp; sourceTree = "<group>"; };
		1796006A11D393A60074E5B7 /* misc.h */ = {isa = PBXFileReference; fileEncoding = 4; lastKnownFileType = sourcecode.c.h; name = misc.h; path = Chess/misc.h; sourceTree = "<group>"; };
		1796006B11D393A60074E5B7 /* move.cpp */ = {isa = PBXFileReference; fileEncoding = 4; lastKnownFileType = sourcecode.cpp.cpp; name = move.cpp; path = Chess/move.cpp; sourceTree = "<group>"; };
		1796006C11D393A60074E5B7 /* move.h */ = {isa = PBXFileReference; fileEncoding = 4; lastKnownFileType = sourcecode.c.h; name = move.h; path = Chess/move.h; sourceTree = "<group>"; };
		1796006D11D393A60074E5B7 /* movegen.cpp */ = {isa = PBXFileReference; fileEncoding = 4; lastKnownFileType = sourcecode.cpp.cpp; name = movegen.cpp; path = Chess/movegen.cpp; sourceTree = "<group>"; };
		1796006E11D393A60074E5B7 /* movegen.h */ = {isa = PBXFileReference; fileEncoding = 4; lastKnownFileType = sourcecode.c.h; name = movegen.h; path = Chess/movegen.h; sourceTree = "<group>"; };
		1796006F11D393A60074E5B7 /* movepick.cpp */ = {isa = PBXFileReference; fileEncoding = 4; lastKnownFileType = sourcecode.cpp.cpp; name = movepick.cpp; path = Chess/movepick.cpp; sourceTree = "<group>"; };
		1796007011D393A60074E5B7 /* movepick.h */ = {isa = PBXFileReference; fileEncoding = 4; lastKnownFileType = sourcecode.c.h; name = movepick.h; path = Chess/movepick.h; sourceTree = "<group>"; };
		1796007111D393A60074E5B7 /* phase.h */ = {isa = PBXFileReference; fileEncoding = 4; lastKnownFileType = sourcecode.c.h; name = phase.h; path = Chess/phase.h; sourceTree = "<group>"; };
		1796007211D393A60074E5B7 /* piece.cpp */ = {isa = PBXFileReference; fileEncoding = 4; lastKnownFileType = sourcecode.cpp.cpp; name = piece.cpp; path = Chess/piece.cpp; sourceTree = "<group>"; };
		1796007311D393A60074E5B7 /* piece.h */ = {isa = PBXFileReference; fileEncoding = 4; lastKnownFileType = sourcecode.c.h; name = piece.h; path = Chess/piece.h; sourceTree = "<group>"; };
		1796007411D393A60074E5B7 /* position.cpp */ = {isa = PBXFileReference; fileEncoding = 4; lastKnownFileType = sourcecode.cpp.cpp; name = position.cpp; path = Chess/position.cpp; sourceTree = "<group>"; };
		1796007511D393A60074E5B7 /* position.h */ = {isa = PBXFileReference; fileEncoding = 4; lastKnownFileType = sourcecode.c.h; name = position.h; path = Chess/position.h; sourceTree = "<group>"; };
		1796007611D393A60074E5B7 /* psqtab.h */ = {isa = PBXFileReference; fileEncoding = 4; lastKnownFileType = sourcecode.c.h; name = psqtab.h; path = Chess/psqtab.h; sourceTree = "<group>"; };
		1796007711D393A60074E5B7 /* san.cpp */ = {isa = PBXFileReference; fileEncoding = 4; lastKnownFileType = sourcecode.cpp.cpp; name = san.cpp; path = Chess/san.cpp; sourceTree = "<group>"; };
		1796007811D393A60074E5B7 /* san.h */ = {isa = PBXFileReference; fileEncoding = 4; lastKnownFileType = sourcecode.c.h; name = san.h; path = Chess/san.h; sourceTree = "<group>"; };
		1796007911D393A60074E5B7 /* scale.h */ = {isa = PBXFileReference; fileEncoding = 4; lastKnownFileType = sourcecode.c.h; name = scale.h; path = Chess/scale.h; sourceTree = "<group>"; };
		1796007A11D393A60074E5B7 /* square.cpp */ = {isa = PBXFileReference; fileEncoding = 4; lastKnownFileType = sourcecode.cpp.cpp; name = square.cpp; path = Chess/square.cpp; sourceTree = "<group>"; };
		1796007B11D393A60074E5B7 /* square.h */ = {isa = PBXFileReference; fileEncoding = 4; lastKnownFileType = sourcecode.c.h; name = square.h; path = Chess/square.h; sourceTree = "<group>"; };
		1796007C11D393A60074E5B7 /* types.h */ = {isa = PBXFileReference; fileEncoding = 4; lastKnownFileType = sourcecode.c.h; name = types.h; path = Chess/types.h; sourceTree = "<group>"; };
		1796007D11D393A60074E5B7 /* value.cpp */ = {isa = PBXFileReference; fileEncoding = 4; lastKnownFileType = sourcecode.cpp.cpp; name = value.cpp; path = Chess/value.cpp; sourceTree = "<group>"; };
		1796007E11D393A60074E5B7 /* value.h */ = {isa = PBXFileReference; fileEncoding = 4; lastKnownFileType = sourcecode.c.h; name = value.h; path = Chess/value.h; sourceTree = "<group>"; };
		179600B911D395860074E5B7 /* ucioption.cpp */ = {isa = PBXFileReference; fileEncoding = 4; lastKnownFileType = sourcecode.cpp.cpp; name = ucioption.cpp; path = Engine/ucioption.cpp; sourceTree = SOURCE_ROOT; };
		179600BA11D395860074E5B7 /* ucioption.h */ = {isa = PBXFileReference; fileEncoding = 4; lastKnownFileType = sourcecode.c.h; name = ucioption.h; path = Engine/ucioption.h; sourceTree = SOURCE_ROOT; };
		179600BB11D395860074E5B7 /* value.cpp */ = {isa = PBXFileReference; fileEncoding = 4; lastKnownFileType = sourcecode.cpp.cpp; name = value.cpp; path = Engine/value.cpp; sourceTree = SOURCE_ROOT; };
		179600BC11D395860074E5B7 /* value.h */ = {isa = PBXFileReference; fileEncoding = 4; lastKnownFileType = sourcecode.c.h; name = value.h; path = Engine/value.h; sourceTree = SOURCE_ROOT; };
		1796FEA811D391AA0074E5B7 /* application.cpp */ = {isa = PBXFileReference; fileEncoding = 4; lastKnownFileType = sourcecode.cpp.cpp; name = application.cpp; path = Engine/application.cpp; sourceTree = SOURCE_ROOT; };
		1796FEA911D391AA0074E5B7 /* application.h */ = {isa = PBXFileReference; fileEncoding = 4; lastKnownFileType = sourcecode.c.h; name = application.h; path = Engine/application.h; sourceTree = SOURCE_ROOT; };
		1796FEAA11D391AA0074E5B7 /* benchmark.cpp */ = {isa = PBXFileReference; fileEncoding = 4; lastKnownFileType = sourcecode.cpp.cpp; name = benchmark.cpp; path = Engine/benchmark.cpp; sourceTree = SOURCE_ROOT; };
		1796FEAB11D391AA0074E5B7 /* benchmark.h */ = {isa = PBXFileReference; fileEncoding = 4; lastKnownFileType = sourcecode.c.h; name = benchmark.h; path = Engine/benchmark.h; sourceTree = SOURCE_ROOT; };
		1796FEAC11D391AA0074E5B7 /* bitbase.cpp */ = {isa = PBXFileReference; fileEncoding = 4; lastKnownFileType = sourcecode.cpp.cpp; name = bitbase.cpp; path = Engine/bitbase.cpp; sourceTree = SOURCE_ROOT; };
		1796FEAD11D391AA0074E5B7 /* bitbase.h */ = {isa = PBXFileReference; fileEncoding = 4; lastKnownFileType = sourcecode.c.h; name = bitbase.h; path = Engine/bitbase.h; sourceTree = SOURCE_ROOT; };
		1796FEAE11D391AA0074E5B7 /* bitboard.cpp */ = {isa = PBXFileReference; fileEncoding = 4; lastKnownFileType = sourcecode.cpp.cpp; name = bitboard.cpp; path = Engine/bitboard.cpp; sourceTree = SOURCE_ROOT; };
		1796FEAF11D391AA0074E5B7 /* bitboard.h */ = {isa = PBXFileReference; fileEncoding = 4; lastKnownFileType = sourcecode.c.h; name = bitboard.h; path = Engine/bitboard.h; sourceTree = SOURCE_ROOT; };
		1796FEB011D391AA0074E5B7 /* bitcount.h */ = {isa = PBXFileReference; fileEncoding = 4; lastKnownFileType = sourcecode.c.h; name = bitcount.h; path = Engine/bitcount.h; sourceTree = SOURCE_ROOT; };
		1796FEB111D391AA0074E5B7 /* book.cpp */ = {isa = PBXFileReference; fileEncoding = 4; lastKnownFileType = sourcecode.cpp.cpp; name = book.cpp; path = Engine/book.cpp; sourceTree = SOURCE_ROOT; };
		1796FEB211D391AA0074E5B7 /* book.h */ = {isa = PBXFileReference; fileEncoding = 4; lastKnownFileType = sourcecode.c.h; name = book.h; path = Engine/book.h; sourceTree = SOURCE_ROOT; };
		1796FEB311D391AA0074E5B7 /* color.h */ = {isa = PBXFileReference; fileEncoding = 4; lastKnownFileType = sourcecode.c.h; name = color.h; path = Engine/color.h; sourceTree = SOURCE_ROOT; };
		1796FEB411D391AA0074E5B7 /* depth.h */ = {isa = PBXFileReference; fileEncoding = 4; lastKnownFileType = sourcecode.c.h; name = depth.h; path = Engine/depth.h; sourceTree = SOURCE_ROOT; };
		1796FEB511D391AA0074E5B7 /* direction.cpp */ = {isa = PBXFileReference; fileEncoding = 4; lastKnownFileType = sourcecode.cpp.cpp; name = direction.cpp; path = Engine/direction.cpp; sourceTree = SOURCE_ROOT; };
		1796FEB611D391AA0074E5B7 /* direction.h */ = {isa = PBXFileReference; fileEncoding = 4; lastKnownFileType = sourcecode.c.h; name = direction.h; path = Engine/direction.h; sourceTree = SOURCE_ROOT; };
		1796FEB711D391AA0074E5B7 /* endgame.cpp */ = {isa = PBXFileReference; fileEncoding = 4; lastKnownFileType = sourcecode.cpp.cpp; name = endgame.cpp; path = Engine/endgame.cpp; sourceTree = SOURCE_ROOT; };
		1796FEB811D391AA0074E5B7 /* endgame.h */ = {isa = PBXFileReference; fileEncoding = 4; lastKnownFileType = sourcecode.c.h; name = endgame.h; path = Engine/endgame.h; sourceTree = SOURCE_ROOT; };
		1796FEB911D391AA0074E5B7 /* evaluate.cpp */ = {isa = PBXFileReference; fileEncoding = 4; lastKnownFileType = sourcecode.cpp.cpp; name = evaluate.cpp; path = Engine/evaluate.cpp; sourceTree = SOURCE_ROOT; };
		1796FEBA11D391AA0074E5B7 /* evaluate.h */ = {isa = PBXFileReference; fileEncoding = 4; lastKnownFileType = sourcecode.c.h; name = evaluate.h; path = Engine/evaluate.h; sourceTree = SOURCE_ROOT; };
		1796FEBB11D391AA0074E5B7 /* history.cpp */ = {isa = PBXFileReference; fileEncoding = 4; lastKnownFileType = sourcecode.cpp.cpp; name = history.cpp; path = Engine/history.cpp; sourceTree = SOURCE_ROOT; };
		1796FEBC11D391AA0074E5B7 /* history.h */ = {isa = PBXFileReference; fileEncoding = 4; lastKnownFileType = sourcecode.c.h; name = history.h; path = Engine/history.h; sourceTree = SOURCE_ROOT; };
		1796FEBD11D391AA0074E5B7 /* iphone.h */ = {isa = PBXFileReference; fileEncoding = 4; lastKnownFileType = sourcecode.c.h; name = iphone.h; path = Engine/iphone.h; sourceTree = SOURCE_ROOT; };
		1796FEBE11D391AA0074E5B7 /* iphone.mm */ = {isa = PBXFileReference; fileEncoding = 4; lastKnownFileType = sourcecode.cpp.objcpp; name = iphone.mm; path = Engine/iphone.mm; sourceTree = SOURCE_ROOT; };
		1796FEBF11D391AA0074E5B7 /* lock.h */ = {isa = PBXFileReference; fileEncoding = 4; lastKnownFileType = sourcecode.c.h; name = lock.h; path = Engine/lock.h; sourceTree = SOURCE_ROOT; };
		1796FEC011D391AA0074E5B7 /* material.cpp */ = {isa = PBXFileReference; fileEncoding = 4; lastKnownFileType = sourcecode.cpp.cpp; name = material.cpp; path = Engine/material.cpp; sourceTree = SOURCE_ROOT; };
		1796FEC111D391AA0074E5B7 /* material.h */ = {isa = PBXFileReference; fileEncoding = 4; lastKnownFileType = sourcecode.c.h; name = material.h; path = Engine/material.h; sourceTree = SOURCE_ROOT; };
		1796FEC211D391AA0074E5B7 /* mersenne.cpp */ = {isa = PBXFileReference; fileEncoding = 4; lastKnownFileType = sourcecode.cpp.cpp; name = mersenne.cpp; path = Engine/mersenne.cpp; sourceTree = SOURCE_ROOT; };
		1796FEC311D391AA0074E5B7 /* mersenne.h */ = {isa = PBXFileReference; fileEncoding = 4; lastKnownFileType = sourcecode.c.h; name = mersenne.h; path = Engine/mersenne.h; sourceTree = SOURCE_ROOT; };
		1796FEC411D391AA0074E5B7 /* misc.cpp */ = {isa = PBXFileReference; fileEncoding = 4; lastKnownFileType = sourcecode.cpp.cpp; name = misc.cpp; path = Engine/misc.cpp; sourceTree = SOURCE_ROOT; };
		1796FEC511D391AA0074E5B7 /* misc.h */ = {isa = PBXFileReference; fileEncoding = 4; lastKnownFileType = sourcecode.c.h; name = misc.h; path = Engine/misc.h; sourceTree = SOURCE_ROOT; };
		1796FEC611D391AA0074E5B7 /* move.cpp */ = {isa = PBXFileReference; fileEncoding = 4; lastKnownFileType = sourcecode.cpp.cpp; name = move.cpp; path = Engine/move.cpp; sourceTree = SOURCE_ROOT; };
		1796FEC711D391AA0074E5B7 /* move.h */ = {isa = PBXFileReference; fileEncoding = 4; lastKnownFileType = sourcecode.c.h; name = move.h; path = Engine/move.h; sourceTree = SOURCE_ROOT; };
		1796FEC811D391AA0074E5B7 /* movegen.cpp */ = {isa = PBXFileReference; fileEncoding = 4; lastKnownFileType = sourcecode.cpp.cpp; name = movegen.cpp; path = Engine/movegen.cpp; sourceTree = SOURCE_ROOT; };
		1796FEC911D391AA0074E5B7 /* movegen.h */ = {isa = PBXFileReference; fileEncoding = 4; lastKnownFileType = sourcecode.c.h; name = movegen.h; path = Engine/movegen.h; sourceTree = SOURCE_ROOT; };
		1796FECA11D391AA0074E5B7 /* movepick.cpp */ = {isa = PBXFileReference; fileEncoding = 4; lastKnownFileType = sourcecode.cpp.cpp; name = movepick.cpp; path = Engine/movepick.cpp; sourceTree = SOURCE_ROOT; };
		1796FECB11D391AA0074E5B7 /* movepick.h */ = {isa = PBXFileReference; fileEncoding = 4; lastKnownFileType = sourcecode.c.h; name = movepick.h; path = Engine/movepick.h; sourceTree = SOURCE_ROOT; };
		1796FECC11D391AA0074E5B7 /* pawns.cpp */ = {isa = PBXFileReference; fileEncoding = 4; lastKnownFileType = sourcecode.cpp.cpp; name = pawns.cpp; path = Engine/pawns.cpp; sourceTree = SOURCE_ROOT; };
		1796FECD11D391AA0074E5B7 /* pawns.h */ = {isa = PBXFileReference; fileEncoding = 4; lastKnownFileType = sourcecode.c.h; name = pawns.h; path = Engine/pawns.h; sourceTree = SOURCE_ROOT; };
		1796FECE11D391AA0074E5B7 /* piece.cpp */ = {isa = PBXFileReference; fileEncoding = 4; lastKnownFileType = sourcecode.cpp.cpp; name = piece.cpp; path = Engine/piece.cpp; sourceTree = SOURCE_ROOT; };
		1796FECF11D391AA0074E5B7 /* piece.h */ = {isa = PBXFileReference; fileEncoding = 4; lastKnownFileType = sourcecode.c.h; name = piece.h; path = Engine/piece.h; sourceTree = SOURCE_ROOT; };
		1796FED011D391AA0074E5B7 /* position.cpp */ = {isa = PBXFileReference; fileEncoding = 4; lastKnownFileType = sourcecode.cpp.cpp; name = position.cpp; path = Engine/position.cpp; sourceTree = SOURCE_ROOT; };
		1796FED111D391AA0074E5B7 /* position.h */ = {isa = PBXFileReference; fileEncoding = 4; lastKnownFileType = sourcecode.c.h; name = position.h; path = Engine/position.h; sourceTree = SOURCE_ROOT; };
		1796FED211D391AA0074E5B7 /* psqtab.h */ = {isa = PBXFileReference; fileEncoding = 4; lastKnownFileType = sourcecode.c.h; name = psqtab.h; path = Engine/psqtab.h; sourceTree = SOURCE_ROOT; };
		1796FED311D391AA0074E5B7 /* san.cpp */ = {isa = PBXFileReference; fileEncoding = 4; lastKnownFileType = sourcecode.cpp.cpp; name = san.cpp; path = Engine/san.cpp; sourceTree = SOURCE_ROOT; };
		1796FED411D391AA0074E5B7 /* san.h */ = {isa = PBXFileReference; fileEncoding = 4; lastKnownFileType = sourcecode.c.h; name = san.h; path = Engine/san.h; sourceTree = SOURCE_ROOT; };
		1796FED511D391AA0074E5B7 /* scale.h */ = {isa = PBXFileReference; fileEncoding = 4; lastKnownFileType = sourcecode.c.h; name = scale.h; path = Engine/scale.h; sourceTree = SOURCE_ROOT; };
		1796FED611D391AA0074E5B7 /* search.cpp */ = {isa = PBXFileReference; fileEncoding = 4; lastKnownFileType = sourcecode.cpp.cpp; name = search.cpp; path = Engine/search.cpp; sourceTree = SOURCE_ROOT; };
		1796FED711D391AA0074E5B7 /* search.h */ = {isa = PBXFileReference; fileEncoding = 4; lastKnownFileType = sourcecode.c.h; name = search.h; path = Engine/search.h; sourceTree = SOURCE_ROOT; };
		1796FED811D391AA0074E5B7 /* square.h */ = {isa = PBXFileReference; fileEncoding = 4; lastKnownFileType = sourcecode.c.h; name = square.h; path = Engine/square.h; sourceTree = SOURCE_ROOT; };
		1796FED911D391AA0074E5B7 /* thread.h */ = {isa = PBXFileReference; fileEncoding = 4; lastKnownFileType = sourcecode.c.h; name = thread.h; path = Engine/thread.h; sourceTree = SOURCE_ROOT; };
		1796FEDA11D391AA0074E5B7 /* tt.cpp */ = {isa = PBXFileReference; fileEncoding = 4; lastKnownFileType = sourcecode.cpp.cpp; name = tt.cpp; path = Engine/tt.cpp; sourceTree = SOURCE_ROOT; };
		1796FEDB11D391AA0074E5B7 /* tt.h */ = {isa = PBXFileReference; fileEncoding = 4; lastKnownFileType = sourcecode.c.h; name = tt.h; path = Engine/tt.h; sourceTree = SOURCE_ROOT; };
		1796FEDC11D391AA0074E5B7 /* types.h */ = {isa = PBXFileReference; fileEncoding = 4; lastKnownFileType = sourcecode.c.h; name = types.h; path = Engine/types.h; sourceTree = SOURCE_ROOT; };
		1796FEDD11D391AA0074E5B7 /* uci.cpp */ = {isa = PBXFileReference; fileEncoding = 4; lastKnownFileType = sourcecode.cpp.cpp; name = uci.cpp; path = Engine/uci.cpp; sourceTree = SOURCE_ROOT; };
		1796FEDE11D391AA0074E5B7 /* uci.h */ = {isa = PBXFileReference; fileEncoding = 4; lastKnownFileType = sourcecode.c.h; name = uci.h; path = Engine/uci.h; sourceTree = SOURCE_ROOT; };
		1D30AB110D05D00D00671497 /* Foundation.framework */ = {isa = PBXFileReference; lastKnownFileType = wrapper.framework; name = Foundation.framework; path = System/Library/Frameworks/Foundation.framework; sourceTree = SDKROOT; };
		1D6058910D05DD3D006BFB54 /* Stosh.app */ = {isa = PBXFileReference; explicitFileType = wrapper.application; includeInIndex = 0; path = Stosh.app; sourceTree = BUILT_PRODUCTS_DIR; };
		1DF5F4DF0D08C38300B7A737 /* UIKit.framework */ = {isa = PBXFileReference; lastKnownFileType = wrapper.framework; name = UIKit.framework; path = System/Library/Frameworks/UIKit.framework; sourceTree = SDKROOT; };
		288765FC0DF74451002DB57D /* CoreGraphics.framework */ = {isa = PBXFileReference; lastKnownFileType = wrapper.framework; name = CoreGraphics.framework; path = System/Library/Frameworks/CoreGraphics.framework; sourceTree = SDKROOT; };
/* End PBXFileReference section */

/* Begin PBXFrameworksBuildPhase section */
		1D60588F0D05DD3D006BFB54 /* Frameworks */ = {
			isa = PBXFrameworksBuildPhase;
			buildActionMask = 2147483647;
			files = (
				1D60589F0D05DD5A006BFB54 /* Foundation.framework in Frameworks */,
				1DF5F4E00D08C38300B7A737 /* UIKit.framework in Frameworks */,
				288765FD0DF74451002DB57D /* CoreGraphics.framework in Frameworks */,
			);
			runOnlyForDeploymentPostprocessing = 0;
		};
/* End PBXFrameworksBuildPhase section */

/* Begin PBXGroup section */
		10B2461215E021D0006CF8C2 /* Board */ = {
			isa = PBXGroup;
			children = (
				10FE6E3115E06E4D006C2CEA /* Board.h */,
				10FE6E3315E06F91006C2CEA /* Board.mm */,
				10B2461315E021D0006CF8C2 /* BoardView.h */,
				10B2461415E021D0006CF8C2 /* BoardView.mm */,
				10B2461515E021D0006CF8C2 /* BoardViewController.h */,
				10B2461615E021D0006CF8C2 /* BoardViewController.mm */,
				10B2461715E021D0006CF8C2 /* LastMoveView.h */,
				10B2461815E021D0006CF8C2 /* LastMoveView.mm */,
				10B2461915E021D0006CF8C2 /* MoveListView.h */,
				10B2461A15E021D0006CF8C2 /* MoveListView.mm */,
				10B2461B15E021D0006CF8C2 /* Setup */,
			);
			path = Board;
			sourceTree = "<group>";
		};
		10B2461B15E021D0006CF8C2 /* Setup */ = {
			isa = PBXGroup;
			children = (
				10B2461C15E021D0006CF8C2 /* CastleRightsController.h */,
				10B2461D15E021D0006CF8C2 /* CastleRightsController.mm */,
				10B2461E15E021D0006CF8C2 /* EpSquareController.h */,
				10B2461F15E021D0006CF8C2 /* EpSquareController.mm */,
				10B2462015E021D0006CF8C2 /* SelectedPieceView.h */,
				10B2462115E021D0006CF8C2 /* SelectedPieceView.mm */,
				10B2462215E021D0006CF8C2 /* SelectedSquareView.h */,
				10B2462315E021D0006CF8C2 /* SelectedSquareView.mm */,
				10B2462415E021D0006CF8C2 /* SetupBoardView.h */,
				10B2462515E021D0006CF8C2 /* SetupBoardView.mm */,
				10B2462615E021D0006CF8C2 /* SetupViewController.h */,
				10B2462715E021D0006CF8C2 /* SetupViewController.mm */,
				10B2462815E021D0006CF8C2 /* SideToMoveController.h */,
				10B2462915E021D0006CF8C2 /* SideToMoveController.mm */,
			);
			path = Setup;
			sourceTree = "<group>";
		};
		10B2462A15E021D0006CF8C2 /* Game */ = {
			isa = PBXGroup;
			children = (
				10B2462B15E021D0006CF8C2 /* GameController.h */,
				10B2462C15E021D0006CF8C2 /* GameController.mm */,
			);
			path = Game;
			sourceTree = "<group>";
		};
		10B2462D15E021D0006CF8C2 /* Models */ = {
			isa = PBXGroup;
			children = (
				10B2462E15E021D0006CF8C2 /* ChessMove.h */,
				10B2462F15E021D0006CF8C2 /* ChessMove.mm */,
				10B2463015E021D0006CF8C2 /* Game.h */,
				10B2463115E021D0006CF8C2 /* Game.mm */,
				10B2463215E021D0006CF8C2 /* GameParser.h */,
				10B2463315E021D0006CF8C2 /* GameParser.mm */,
				10B2463415E021D0006CF8C2 /* PGN.h */,
				10B2463515E021D0006CF8C2 /* PGN.mm */,
			);
			path = Models;
			sourceTree = "<group>";
		};
		10B2463B15E021D0006CF8C2 /* Shared */ = {
			isa = PBXGroup;
			children = (
				10B2463C15E021D0006CF8C2 /* HighlightedSquaresView.h */,
				10B2463D15E021D0006CF8C2 /* HighlightedSquaresView.mm */,
				10B2463E15E021D0006CF8C2 /* PieceImageView.h */,
				10B2463F15E021D0006CF8C2 /* PieceImageView.mm */,
			);
			path = Shared;
			sourceTree = "<group>";
		};
		10B2464015E021D0006CF8C2 /* System */ = {
			isa = PBXGroup;
			children = (
				10B2464615E021D0006CF8C2 /* StoshAppDelegate.h */,
				10B2464715E021D0006CF8C2 /* StoshAppDelegate.mm */,
				10B2466115E02F4C006CF8C2 /* Stosh-Info.plist */,
				10B2464315E021D0006CF8C2 /* main.m */,
			);
			path = System;
			sourceTree = "<group>";
		};
		10FE6E8315E07C7B006C2CEA /* Images */ = {
			isa = PBXGroup;
			children = (
				10FE6E8415E07C7B006C2CEA /* USCFBBishop.tiff */,
				10FE6E8515E07C7B006C2CEA /* USCFBBishop96.tiff */,
				10FE6E8615E07C7B006C2CEA /* USCFBBishop@2x.tiff */,
				10FE6E8715E07C7B006C2CEA /* USCFBKing.tiff */,
				10FE6E8815E07C7B006C2CEA /* USCFBKing96.tiff */,
				10FE6E8915E07C7B006C2CEA /* USCFBKing@2x.tiff */,
				10FE6E8A15E07C7B006C2CEA /* USCFBKnight.tiff */,
				10FE6E8B15E07C7B006C2CEA /* USCFBKnight96.tiff */,
				10FE6E8C15E07C7B006C2CEA /* USCFBKnight@2x.tiff */,
				10FE6E8D15E07C7B006C2CEA /* USCFBPawn.tiff */,
				10FE6E8E15E07C7B006C2CEA /* USCFBPawn96.tiff */,
				10FE6E8F15E07C7B006C2CEA /* USCFBPawn@2x.tiff */,
				10FE6E9015E07C7B006C2CEA /* USCFBQueen.tiff */,
				10FE6E9115E07C7B006C2CEA /* USCFBQueen96.tiff */,
				10FE6E9215E07C7B006C2CEA /* USCFBQueen@2x.tiff */,
				10FE6E9315E07C7B006C2CEA /* USCFBRook.tiff */,
				10FE6E9415E07C7B006C2CEA /* USCFBRook96.tiff */,
				10FE6E9515E07C7B006C2CEA /* USCFBRook@2x.tiff */,
				10FE6E9615E07C7B006C2CEA /* USCFWBishop.tiff */,
				10FE6E9715E07C7B006C2CEA /* USCFWBishop96.tiff */,
				10FE6E9815E07C7B006C2CEA /* USCFWBishop@2x.tiff */,
				10FE6E9915E07C7B006C2CEA /* USCFWKing.tiff */,
				10FE6E9A15E07C7B006C2CEA /* USCFWKing96.tiff */,
				10FE6E9B15E07C7B006C2CEA /* USCFWKing@2x.tiff */,
				10FE6E9C15E07C7B006C2CEA /* USCFWKnight.tiff */,
				10FE6E9D15E07C7B006C2CEA /* USCFWKnight96.tiff */,
				10FE6E9E15E07C7B006C2CEA /* USCFWKnight@2x.tiff */,
				10FE6E9F15E07C7B006C2CEA /* USCFWPawn.tiff */,
				10FE6EA015E07C7B006C2CEA /* USCFWPawn96.tiff */,
				10FE6EA115E07C7B006C2CEA /* USCFWPawn@2x.tiff */,
				10FE6EA215E07C7B006C2CEA /* USCFWQueen.tiff */,
				10FE6EA315E07C7B006C2CEA /* USCFWQueen96.tiff */,
				10FE6EA415E07C7B006C2CEA /* USCFWQueen@2x.tiff */,
				10FE6EA515E07C7B006C2CEA /* USCFWRook.tiff */,
				10FE6EA615E07C7B006C2CEA /* USCFWRook96.tiff */,
				10FE6EA715E07C7B006C2CEA /* USCFWRook@2x.tiff */,
			);
			name = Images;
			path = Resources/Images;
			sourceTree = "<group>";
		};
		1796005911D3938F0074E5B7 /* Chess */ = {
			isa = PBXGroup;
			children = (
				1796005B11D393A60074E5B7 /* bitbase.h */,
				1796005C11D393A60074E5B7 /* bitbase.mm */,
				1796005D11D393A60074E5B7 /* bitboard.cpp */,
				1796005E11D393A60074E5B7 /* bitboard.h */,
				1796005F11D393A60074E5B7 /* book.cpp */,
				1796006011D393A60074E5B7 /* book.h */,
				1796006111D393A60074E5B7 /* color.cpp */,
				1796006211D393A60074E5B7 /* color.h */,
				1796006311D393A60074E5B7 /* depth.h */,
				1796006411D393A60074E5B7 /* direction.cpp */,
				1796006511D393A60074E5B7 /* direction.h */,
				1796006611D393A60074E5B7 /* lock.h */,
				1796006711D393A60074E5B7 /* mersenne.cpp */,
				1796006811D393A60074E5B7 /* mersenne.h */,
				1796006911D393A60074E5B7 /* misc.cpp */,
				1796006A11D393A60074E5B7 /* misc.h */,
				1796006B11D393A60074E5B7 /* move.cpp */,
				1796006C11D393A60074E5B7 /* move.h */,
				1796006D11D393A60074E5B7 /* movegen.cpp */,
				1796006E11D393A60074E5B7 /* movegen.h */,
				1796006F11D393A60074E5B7 /* movepick.cpp */,
				1796007011D393A60074E5B7 /* movepick.h */,
				1796007111D393A60074E5B7 /* phase.h */,
				1796007211D393A60074E5B7 /* piece.cpp */,
				1796007311D393A60074E5B7 /* piece.h */,
				1796007411D393A60074E5B7 /* position.cpp */,
				1796007511D393A60074E5B7 /* position.h */,
				1796007611D393A60074E5B7 /* psqtab.h */,
				1796007711D393A60074E5B7 /* san.cpp */,
				1796007811D393A60074E5B7 /* san.h */,
				1796007911D393A60074E5B7 /* scale.h */,
				1796007A11D393A60074E5B7 /* square.cpp */,
				1796007B11D393A60074E5B7 /* square.h */,
				1796007C11D393A60074E5B7 /* types.h */,
				1796007D11D393A60074E5B7 /* value.cpp */,
				1796007E11D393A60074E5B7 /* value.h */,
			);
			name = Chess;
			sourceTree = "<group>";
		};
		1796FEA511D3916D0074E5B7 /* Engine */ = {
			isa = PBXGroup;
			children = (
				1796FEA811D391AA0074E5B7 /* application.cpp */,
				1796FEA911D391AA0074E5B7 /* application.h */,
				1796FEAA11D391AA0074E5B7 /* benchmark.cpp */,
				1796FEAB11D391AA0074E5B7 /* benchmark.h */,
				1796FEAC11D391AA0074E5B7 /* bitbase.cpp */,
				1796FEAD11D391AA0074E5B7 /* bitbase.h */,
				1796FEAE11D391AA0074E5B7 /* bitboard.cpp */,
				1796FEAF11D391AA0074E5B7 /* bitboard.h */,
				1796FEB011D391AA0074E5B7 /* bitcount.h */,
				1796FEB111D391AA0074E5B7 /* book.cpp */,
				1796FEB211D391AA0074E5B7 /* book.h */,
				1796FEB311D391AA0074E5B7 /* color.h */,
				1796FEB411D391AA0074E5B7 /* depth.h */,
				1796FEB511D391AA0074E5B7 /* direction.cpp */,
				1796FEB611D391AA0074E5B7 /* direction.h */,
				1796FEB711D391AA0074E5B7 /* endgame.cpp */,
				1796FEB811D391AA0074E5B7 /* endgame.h */,
				1796FEB911D391AA0074E5B7 /* evaluate.cpp */,
				1796FEBA11D391AA0074E5B7 /* evaluate.h */,
				1796FEBB11D391AA0074E5B7 /* history.cpp */,
				1796FEBC11D391AA0074E5B7 /* history.h */,
				1796FEBD11D391AA0074E5B7 /* iphone.h */,
				1796FEBE11D391AA0074E5B7 /* iphone.mm */,
				1796FEBF11D391AA0074E5B7 /* lock.h */,
				1796FEC011D391AA0074E5B7 /* material.cpp */,
				1796FEC111D391AA0074E5B7 /* material.h */,
				1796FEC211D391AA0074E5B7 /* mersenne.cpp */,
				1796FEC311D391AA0074E5B7 /* mersenne.h */,
				1796FEC411D391AA0074E5B7 /* misc.cpp */,
				1796FEC511D391AA0074E5B7 /* misc.h */,
				1796FEC611D391AA0074E5B7 /* move.cpp */,
				1796FEC711D391AA0074E5B7 /* move.h */,
				1796FEC811D391AA0074E5B7 /* movegen.cpp */,
				1796FEC911D391AA0074E5B7 /* movegen.h */,
				1796FECA11D391AA0074E5B7 /* movepick.cpp */,
				1796FECB11D391AA0074E5B7 /* movepick.h */,
				1796FECC11D391AA0074E5B7 /* pawns.cpp */,
				1796FECD11D391AA0074E5B7 /* pawns.h */,
				1796FECE11D391AA0074E5B7 /* piece.cpp */,
				1796FECF11D391AA0074E5B7 /* piece.h */,
				1796FED011D391AA0074E5B7 /* position.cpp */,
				1796FED111D391AA0074E5B7 /* position.h */,
				1796FED211D391AA0074E5B7 /* psqtab.h */,
				1796FED311D391AA0074E5B7 /* san.cpp */,
				1796FED411D391AA0074E5B7 /* san.h */,
				1796FED511D391AA0074E5B7 /* scale.h */,
				1796FED611D391AA0074E5B7 /* search.cpp */,
				1796FED711D391AA0074E5B7 /* search.h */,
				1796FED811D391AA0074E5B7 /* square.h */,
				1796FED911D391AA0074E5B7 /* thread.h */,
				1796FEDA11D391AA0074E5B7 /* tt.cpp */,
				1796FEDB11D391AA0074E5B7 /* tt.h */,
				1796FEDC11D391AA0074E5B7 /* types.h */,
				1796FEDD11D391AA0074E5B7 /* uci.cpp */,
				1796FEDE11D391AA0074E5B7 /* uci.h */,
				179600B911D395860074E5B7 /* ucioption.cpp */,
				179600BA11D395860074E5B7 /* ucioption.h */,
				179600BB11D395860074E5B7 /* value.cpp */,
				179600BC11D395860074E5B7 /* value.h */,
			);
			name = Engine;
			path = Classes;
			sourceTree = "<group>";
		};
		19C28FACFE9D520D11CA2CBB /* Products */ = {
			isa = PBXGroup;
			children = (
				1D6058910D05DD3D006BFB54 /* Stosh.app */,
			);
			name = Products;
			sourceTree = "<group>";
		};
		29B97314FDCFA39411CA2CEA /* CustomTemplate */ = {
			isa = PBXGroup;
			children = (
				10B2461215E021D0006CF8C2 /* Board */,
				10B2462A15E021D0006CF8C2 /* Game */,
				10B2462D15E021D0006CF8C2 /* Models */,
				10B2463B15E021D0006CF8C2 /* Shared */,
				10B2464015E021D0006CF8C2 /* System */,
				1796005911D3938F0074E5B7 /* Chess */,
				1796FEA511D3916D0074E5B7 /* Engine */,
				29B97317FDCFA39411CA2CEA /* Resources */,
				29B97323FDCFA39411CA2CEA /* Frameworks */,
				19C28FACFE9D520D11CA2CBB /* Products */,
			);
			name = CustomTemplate;
			sourceTree = "<group>";
		};
		29B97317FDCFA39411CA2CEA /* Resources */ = {
			isa = PBXGroup;
			children = (
				10FE6E8315E07C7B006C2CEA /* Images */,
				10FE6EA815E07C7B006C2CEA /* MainWindow.xib */,
			);
			name = Resources;
			sourceTree = "<group>";
		};
		29B97323FDCFA39411CA2CEA /* Frameworks */ = {
			isa = PBXGroup;
			children = (
				1DF5F4DF0D08C38300B7A737 /* UIKit.framework */,
				1D30AB110D05D00D00671497 /* Foundation.framework */,
				288765FC0DF74451002DB57D /* CoreGraphics.framework */,
			);
			name = Frameworks;
			sourceTree = "<group>";
		};
/* End PBXGroup section */

/* Begin PBXNativeTarget section */
		1D6058900D05DD3D006BFB54 /* Stosh */ = {
			isa = PBXNativeTarget;
			buildConfigurationList = 1D6058960D05DD3E006BFB54 /* Build configuration list for PBXNativeTarget "Stosh" */;
			buildPhases = (
				1D60588D0D05DD3D006BFB54 /* Resources */,
				1D60588E0D05DD3D006BFB54 /* Sources */,
				1D60588F0D05DD3D006BFB54 /* Frameworks */,
			);
			buildRules = (
			);
			dependencies = (
			);
			name = Stosh;
			productName = Glaurung;
			productReference = 1D6058910D05DD3D006BFB54 /* Stosh.app */;
			productType = "com.apple.product-type.application";
		};
/* End PBXNativeTarget section */

/* Begin PBXProject section */
		29B97313FDCFA39411CA2CEA /* Project object */ = {
			isa = PBXProject;
			attributes = {
				LastUpgradeCheck = 0420;
			};
			buildConfigurationList = C01FCF4E08A954540054247B /* Build configuration list for PBXProject "Stosh" */;
			compatibilityVersion = "Xcode 3.2";
			developmentRegion = English;
			hasScannedForEncodings = 1;
			knownRegions = (
				en,
			);
			mainGroup = 29B97314FDCFA39411CA2CEA /* CustomTemplate */;
			projectDirPath = "";
			projectRoot = "";
			targets = (
				1D6058900D05DD3D006BFB54 /* Stosh */,
			);
		};
/* End PBXProject section */

/* Begin PBXResourcesBuildPhase section */
		1D60588D0D05DD3D006BFB54 /* Resources */ = {
			isa = PBXResourcesBuildPhase;
			buildActionMask = 2147483647;
			files = (
				10FE6EA915E07C7B006C2CEA /* USCFBBishop.tiff in Resources */,
				10FE6EAA15E07C7B006C2CEA /* USCFBBishop96.tiff in Resources */,
				10FE6EAB15E07C7B006C2CEA /* USCFBBishop@2x.tiff in Resources */,
				10FE6EAC15E07C7B006C2CEA /* USCFBKing.tiff in Resources */,
				10FE6EAD15E07C7B006C2CEA /* USCFBKing96.tiff in Resources */,
				10FE6EAE15E07C7B006C2CEA /* USCFBKing@2x.tiff in Resources */,
				10FE6EAF15E07C7B006C2CEA /* USCFBKnight.tiff in Resources */,
				10FE6EB015E07C7B006C2CEA /* USCFBKnight96.tiff in Resources */,
				10FE6EB115E07C7B006C2CEA /* USCFBKnight@2x.tiff in Resources */,
				10FE6EB215E07C7B006C2CEA /* USCFBPawn.tiff in Resources */,
				10FE6EB315E07C7B006C2CEA /* USCFBPawn96.tiff in Resources */,
				10FE6EB415E07C7B006C2CEA /* USCFBPawn@2x.tiff in Resources */,
				10FE6EB515E07C7B006C2CEA /* USCFBQueen.tiff in Resources */,
				10FE6EB615E07C7B006C2CEA /* USCFBQueen96.tiff in Resources */,
				10FE6EB715E07C7B006C2CEA /* USCFBQueen@2x.tiff in Resources */,
				10FE6EB815E07C7B006C2CEA /* USCFBRook.tiff in Resources */,
				10FE6EB915E07C7B006C2CEA /* USCFBRook96.tiff in Resources */,
				10FE6EBA15E07C7B006C2CEA /* USCFBRook@2x.tiff in Resources */,
				10FE6EBB15E07C7B006C2CEA /* USCFWBishop.tiff in Resources */,
				10FE6EBC15E07C7B006C2CEA /* USCFWBishop96.tiff in Resources */,
				10FE6EBD15E07C7B006C2CEA /* USCFWBishop@2x.tiff in Resources */,
				10FE6EBE15E07C7B006C2CEA /* USCFWKing.tiff in Resources */,
				10FE6EBF15E07C7B006C2CEA /* USCFWKing96.tiff in Resources */,
				10FE6EC015E07C7B006C2CEA /* USCFWKing@2x.tiff in Resources */,
				10FE6EC115E07C7B006C2CEA /* USCFWKnight.tiff in Resources */,
				10FE6EC215E07C7B006C2CEA /* USCFWKnight96.tiff in Resources */,
				10FE6EC315E07C7B006C2CEA /* USCFWKnight@2x.tiff in Resources */,
				10FE6EC415E07C7B006C2CEA /* USCFWPawn.tiff in Resources */,
				10FE6EC515E07C7B006C2CEA /* USCFWPawn96.tiff in Resources */,
				10FE6EC615E07C7B006C2CEA /* USCFWPawn@2x.tiff in Resources */,
				10FE6EC715E07C7B006C2CEA /* USCFWQueen.tiff in Resources */,
				10FE6EC815E07C7B006C2CEA /* USCFWQueen96.tiff in Resources */,
				10FE6EC915E07C7B006C2CEA /* USCFWQueen@2x.tiff in Resources */,
				10FE6ECA15E07C7B006C2CEA /* USCFWRook.tiff in Resources */,
				10FE6ECB15E07C7B006C2CEA /* USCFWRook96.tiff in Resources */,
				10FE6ECC15E07C7B006C2CEA /* USCFWRook@2x.tiff in Resources */,
				10FE6ECD15E07C7B006C2CEA /* MainWindow.xib in Resources */,
			);
			runOnlyForDeploymentPostprocessing = 0;
		};
/* End PBXResourcesBuildPhase section */

/* Begin PBXSourcesBuildPhase section */
		1D60588E0D05DD3D006BFB54 /* Sources */ = {
			isa = PBXSourcesBuildPhase;
			buildActionMask = 2147483647;
			files = (
				1796FEDF11D391AA0074E5B7 /* application.cpp in Sources */,
				1796FEE011D391AA0074E5B7 /* benchmark.cpp in Sources */,
				1796FEE111D391AA0074E5B7 /* bitbase.cpp in Sources */,
				1796FEE211D391AA0074E5B7 /* bitboard.cpp in Sources */,
				1796FEE311D391AA0074E5B7 /* book.cpp in Sources */,
				1796FEE411D391AA0074E5B7 /* direction.cpp in Sources */,
				1796FEE511D391AA0074E5B7 /* endgame.cpp in Sources */,
				1796FEE611D391AA0074E5B7 /* evaluate.cpp in Sources */,
				1796FEE711D391AA0074E5B7 /* history.cpp in Sources */,
				1796FEE811D391AA0074E5B7 /* iphone.mm in Sources */,
				1796FEE911D391AA0074E5B7 /* material.cpp in Sources */,
				1796FEEA11D391AA0074E5B7 /* mersenne.cpp in Sources */,
				1796FEEB11D391AA0074E5B7 /* misc.cpp in Sources */,
				1796FEEC11D391AA0074E5B7 /* move.cpp in Sources */,
				1796FEED11D391AA0074E5B7 /* movegen.cpp in Sources */,
				1796FEEE11D391AA0074E5B7 /* movepick.cpp in Sources */,
				1796FEEF11D391AA0074E5B7 /* pawns.cpp in Sources */,
				1796FEF011D391AA0074E5B7 /* piece.cpp in Sources */,
				1796FEF111D391AA0074E5B7 /* position.cpp in Sources */,
				1796FEF211D391AA0074E5B7 /* san.cpp in Sources */,
				1796FEF311D391AA0074E5B7 /* search.cpp in Sources */,
				1796FEF411D391AA0074E5B7 /* tt.cpp in Sources */,
				1796FEF511D391AA0074E5B7 /* uci.cpp in Sources */,
				1796007F11D393A60074E5B7 /* bitbase.mm in Sources */,
				1796008011D393A60074E5B7 /* bitboard.cpp in Sources */,
				1796008111D393A60074E5B7 /* book.cpp in Sources */,
				1796008211D393A60074E5B7 /* color.cpp in Sources */,
				1796008311D393A60074E5B7 /* direction.cpp in Sources */,
				1796008411D393A60074E5B7 /* mersenne.cpp in Sources */,
				1796008511D393A60074E5B7 /* misc.cpp in Sources */,
				1796008611D393A60074E5B7 /* move.cpp in Sources */,
				1796008711D393A60074E5B7 /* movegen.cpp in Sources */,
				1796008811D393A60074E5B7 /* movepick.cpp in Sources */,
				1796008911D393A60074E5B7 /* piece.cpp in Sources */,
				1796008A11D393A60074E5B7 /* position.cpp in Sources */,
				1796008B11D393A60074E5B7 /* san.cpp in Sources */,
				1796008C11D393A60074E5B7 /* square.cpp in Sources */,
				1796008D11D393A60074E5B7 /* value.cpp in Sources */,
				179600BD11D395860074E5B7 /* ucioption.cpp in Sources */,
				179600BE11D395860074E5B7 /* value.cpp in Sources */,
				10B2464815E021D0006CF8C2 /* BoardView.mm in Sources */,
				10B2464915E021D0006CF8C2 /* BoardViewController.mm in Sources */,
				10B2464A15E021D0006CF8C2 /* LastMoveView.mm in Sources */,
				10B2464B15E021D0006CF8C2 /* MoveListView.mm in Sources */,
				10B2464C15E021D0006CF8C2 /* CastleRightsController.mm in Sources */,
				10B2464D15E021D0006CF8C2 /* EpSquareController.mm in Sources */,
				10B2464E15E021D0006CF8C2 /* SelectedPieceView.mm in Sources */,
				10B2464F15E021D0006CF8C2 /* SelectedSquareView.mm in Sources */,
				10B2465015E021D0006CF8C2 /* SetupBoardView.mm in Sources */,
				10B2465115E021D0006CF8C2 /* SetupViewController.mm in Sources */,
				10B2465215E021D0006CF8C2 /* SideToMoveController.mm in Sources */,
				10B2465315E021D0006CF8C2 /* GameController.mm in Sources */,
				10B2465415E021D0006CF8C2 /* ChessMove.mm in Sources */,
				10B2465515E021D0006CF8C2 /* Game.mm in Sources */,
				10B2465615E021D0006CF8C2 /* GameParser.mm in Sources */,
				10B2465715E021D0006CF8C2 /* PGN.mm in Sources */,
				10B2465A15E021D0006CF8C2 /* HighlightedSquaresView.mm in Sources */,
				10B2465B15E021D0006CF8C2 /* PieceImageView.mm in Sources */,
				10B2465D15E021D0006CF8C2 /* main.m in Sources */,
				10B2465F15E021D0006CF8C2 /* StoshAppDelegate.mm in Sources */,
				10FE6E3415E06F91006C2CEA /* Board.mm in Sources */,
			);
			runOnlyForDeploymentPostprocessing = 0;
		};
/* End PBXSourcesBuildPhase section */

/* Begin XCBuildConfiguration section */
		1D6058940D05DD3E006BFB54 /* Debug */ = {
			isa = XCBuildConfiguration;
			buildSettings = {
				ALWAYS_SEARCH_USER_PATHS = NO;
				ARCHS = "$(ARCHS_STANDARD_32_BIT)";
				"CODE_SIGN_IDENTITY[sdk=iphoneos*]" = "iPhone Developer";
				COPY_PHASE_STRIP = NO;
				GCC_DYNAMIC_NO_PIC = NO;
				GCC_OPTIMIZATION_LEVEL = 0;
				GCC_PRECOMPILE_PREFIX_HEADER = YES;
				GCC_PREFIX_HEADER = System/Stosh_Prefix.pch;
				INFOPLIST_FILE = "System/Stosh-Info.plist";
				IPHONEOS_DEPLOYMENT_TARGET = 5.1;
				PRODUCT_NAME = Stosh;
				"PROVISIONING_PROFILE[sdk=iphoneos*]" = "";
				SDKROOT = iphoneos;
				TARGETED_DEVICE_FAMILY = 2;
			};
			name = Debug;
		};
		1D6058950D05DD3E006BFB54 /* Release */ = {
			isa = XCBuildConfiguration;
			buildSettings = {
				ALWAYS_SEARCH_USER_PATHS = NO;
				ARCHS = "$(ARCHS_STANDARD_32_BIT)";
				COPY_PHASE_STRIP = YES;
				GCC_ENABLE_CPP_EXCEPTIONS = NO;
				GCC_ENABLE_CPP_RTTI = NO;
				GCC_OPTIMIZATION_LEVEL = 3;
				GCC_PRECOMPILE_PREFIX_HEADER = YES;
				GCC_PREFIX_HEADER = System/Stosh_Prefix.pch;
				GCC_PREPROCESSOR_DEFINITIONS = "";
				GCC_THUMB_SUPPORT = NO;
				INFOPLIST_FILE = "System/Stosh-Info.plist";
				IPHONEOS_DEPLOYMENT_TARGET = 5.1;
				OTHER_CFLAGS = (
					"-DNDEBUG",
					"-DNS_BLOCK_ASSERTIONS=1",
				);
				OTHER_CPLUSPLUSFLAGS = (
					"-DNDEBUG",
					"$(OTHER_CFLAGS)",
				);
				PRODUCT_NAME = Stosh;
				SDKROOT = iphoneos;
				TARGETED_DEVICE_FAMILY = 2;
				VALIDATE_PRODUCT = YES;
			};
			name = Release;
		};
		C01FCF4F08A954540054247B /* Debug */ = {
			isa = XCBuildConfiguration;
			buildSettings = {
				ARCHS = "$(ARCHS_STANDARD_32_BIT)";
				CODE_SIGN_IDENTITY = "iPhone Developer";
				"CODE_SIGN_IDENTITY[sdk=iphoneos*]" = "iPhone Developer";
				GCC_C_LANGUAGE_STANDARD = c99;
				GCC_WARN_ABOUT_RETURN_TYPE = YES;
				GCC_WARN_UNUSED_VARIABLE = YES;
				PROVISIONING_PROFILE = "";
				SDKROOT = iphoneos;
			};
			name = Debug;
		};
		C01FCF5008A954540054247B /* Release */ = {
			isa = XCBuildConfiguration;
			buildSettings = {
				ARCHS = "$(ARCHS_STANDARD_32_BIT)";
				CODE_SIGN_IDENTITY = "iPhone Developer";
				"CODE_SIGN_IDENTITY[sdk=iphoneos*]" = "iPhone Developer";
				GCC_C_LANGUAGE_STANDARD = c99;
				GCC_WARN_ABOUT_RETURN_TYPE = YES;
				GCC_WARN_UNUSED_VARIABLE = YES;
				OTHER_CFLAGS = "-DNS_BLOCK_ASSERTIONS=1";
				PROVISIONING_PROFILE = "";
				SDKROOT = iphoneos;
			};
			name = Release;
		};
/* End XCBuildConfiguration section */

/* Begin XCConfigurationList section */
		1D6058960D05DD3E006BFB54 /* Build configuration list for PBXNativeTarget "Stosh" */ = {
			isa = XCConfigurationList;
			buildConfigurations = (
				1D6058940D05DD3E006BFB54 /* Debug */,
				1D6058950D05DD3E006BFB54 /* Release */,
			);
			defaultConfigurationIsVisible = 0;
			defaultConfigurationName = Release;
		};
		C01FCF4E08A954540054247B /* Build configuration list for PBXProject "Stosh" */ = {
			isa = XCConfigurationList;
			buildConfigurations = (
				C01FCF4F08A954540054247B /* Debug */,
				C01FCF5008A954540054247B /* Release */,
			);
			defaultConfigurationIsVisible = 0;
			defaultConfigurationName = Release;
		};
/* End XCConfigurationList section */
	};
	rootObject = 29B97313FDCFA39411CA2CEA /* Project object */;
}
